// !$*UTF8*$!
{
	archiveVersion = 1;
	classes = {
	};
	objectVersion = 50;
	objects = {

/* Begin PBXBuildFile section */
		1A77FF3D215DBFA900B1952F /* AppDelegate.swift in Sources */ = {isa = PBXBuildFile; fileRef = 1A77FF3C215DBFA900B1952F /* AppDelegate.swift */; };
		1A77FF3F215DBFA900B1952F /* ViewController.swift in Sources */ = {isa = PBXBuildFile; fileRef = 1A77FF3E215DBFA900B1952F /* ViewController.swift */; };
		1A77FF42215DBFA900B1952F /* Main.storyboard in Resources */ = {isa = PBXBuildFile; fileRef = 1A77FF40215DBFA900B1952F /* Main.storyboard */; };
		1A77FF44215DBFB000B1952F /* Assets.xcassets in Resources */ = {isa = PBXBuildFile; fileRef = 1A77FF43215DBFB000B1952F /* Assets.xcassets */; };
		1A77FF47215DBFB000B1952F /* LaunchScreen.storyboard in Resources */ = {isa = PBXBuildFile; fileRef = 1A77FF45215DBFB000B1952F /* LaunchScreen.storyboard */; };
		1A77FF57215DCCAC00B1952F /* Message.mm in Sources */ = {isa = PBXBuildFile; fileRef = 1A77FF56215DCCAC00B1952F /* Message.mm */; };
		9AEC21F806808E8A6F0203E6 /* Pods_WCDB_demo.framework in Frameworks */ = {isa = PBXBuildFile; fileRef = 062F01BC860073205B029E39 /* Pods_WCDB_demo.framework */; };
/* End PBXBuildFile section */

/* Begin PBXFileReference section */
		062F01BC860073205B029E39 /* Pods_WCDB_demo.framework */ = {isa = PBXFileReference; explicitFileType = wrapper.framework; includeInIndex = 0; path = Pods_WCDB_demo.framework; sourceTree = BUILT_PRODUCTS_DIR; };
		1A77FF39215DBFA900B1952F /* WCDB_demo.app */ = {isa = PBXFileReference; explicitFileType = wrapper.application; includeInIndex = 0; path = WCDB_demo.app; sourceTree = BUILT_PRODUCTS_DIR; };
		1A77FF3C215DBFA900B1952F /* AppDelegate.swift */ = {isa = PBXFileReference; lastKnownFileType = sourcecode.swift; path = AppDelegate.swift; sourceTree = "<group>"; };
		1A77FF3E215DBFA900B1952F /* ViewController.swift */ = {isa = PBXFileReference; lastKnownFileType = sourcecode.swift; path = ViewController.swift; sourceTree = "<group>"; };
		1A77FF41215DBFA900B1952F /* Base */ = {isa = PBXFileReference; lastKnownFileType = file.storyboard; name = Base; path = Base.lproj/Main.storyboard; sourceTree = "<group>"; };
		1A77FF43215DBFB000B1952F /* Assets.xcassets */ = {isa = PBXFileReference; lastKnownFileType = folder.assetcatalog; path = Assets.xcassets; sourceTree = "<group>"; };
		1A77FF46215DBFB000B1952F /* Base */ = {isa = PBXFileReference; lastKnownFileType = file.storyboard; name = Base; path = Base.lproj/LaunchScreen.storyboard; sourceTree = "<group>"; };
		1A77FF48215DBFB000B1952F /* Info.plist */ = {isa = PBXFileReference; lastKnownFileType = text.plist.xml; path = Info.plist; sourceTree = "<group>"; };
		1A77FF53215DCA4F00B1952F /* WCDB_demo-Bridging-Header.h */ = {isa = PBXFileReference; lastKnownFileType = sourcecode.c.h; path = "WCDB_demo-Bridging-Header.h"; sourceTree = "<group>"; };
		1A77FF54215DCCAC00B1952F /* Message+WCTTableCoding.h */ = {isa = PBXFileReference; lastKnownFileType = sourcecode.c.h; path = "Message+WCTTableCoding.h"; sourceTree = "<group>"; };
		1A77FF55215DCCAC00B1952F /* Message.h */ = {isa = PBXFileReference; lastKnownFileType = sourcecode.c.h; path = Message.h; sourceTree = "<group>"; };
		1A77FF56215DCCAC00B1952F /* Message.mm */ = {isa = PBXFileReference; lastKnownFileType = sourcecode.cpp.objcpp; path = Message.mm; sourceTree = "<group>"; };
		65C71B59664076B51E9A8045 /* Pods-WCDB_demo.release.xcconfig */ = {isa = PBXFileReference; includeInIndex = 1; lastKnownFileType = text.xcconfig; name = "Pods-WCDB_demo.release.xcconfig"; path = "Pods/Target Support Files/Pods-WCDB_demo/Pods-WCDB_demo.release.xcconfig"; sourceTree = "<group>"; };
		DF646851414768322CB0573A /* Pods-WCDB_demo.debug.xcconfig */ = {isa = PBXFileReference; includeInIndex = 1; lastKnownFileType = text.xcconfig; name = "Pods-WCDB_demo.debug.xcconfig"; path = "Pods/Target Support Files/Pods-WCDB_demo/Pods-WCDB_demo.debug.xcconfig"; sourceTree = "<group>"; };
/* End PBXFileReference section */

/* Begin PBXFrameworksBuildPhase section */
		1A77FF36215DBFA900B1952F /* Frameworks */ = {
			isa = PBXFrameworksBuildPhase;
			buildActionMask = 2147483647;
			files = (
				9AEC21F806808E8A6F0203E6 /* Pods_WCDB_demo.framework in Frameworks */,
			);
			runOnlyForDeploymentPostprocessing = 0;
		};
/* End PBXFrameworksBuildPhase section */

/* Begin PBXGroup section */
		1A77FF30215DBFA900B1952F = {
			isa = PBXGroup;
			children = (
				1A77FF3B215DBFA900B1952F /* WCDB_demo */,
				1A77FF3A215DBFA900B1952F /* Products */,
				8B9E2413F3FD11D724ADDA9A /* Pods */,
				9104C35D624915280BE7916B /* Frameworks */,
			);
			sourceTree = "<group>";
		};
		1A77FF3A215DBFA900B1952F /* Products */ = {
			isa = PBXGroup;
			children = (
				1A77FF39215DBFA900B1952F /* WCDB_demo.app */,
			);
			name = Products;
			sourceTree = "<group>";
		};
		1A77FF3B215DBFA900B1952F /* WCDB_demo */ = {
			isa = PBXGroup;
			children = (
				1A77FF53215DCA4F00B1952F /* WCDB_demo-Bridging-Header.h */,
				1A77FF3C215DBFA900B1952F /* AppDelegate.swift */,
				1A77FF3E215DBFA900B1952F /* ViewController.swift */,
				1A77FF40215DBFA900B1952F /* Main.storyboard */,
				1A77FF43215DBFB000B1952F /* Assets.xcassets */,
				1A77FF45215DBFB000B1952F /* LaunchScreen.storyboard */,
				1A77FF48215DBFB000B1952F /* Info.plist */,
				1A77FF54215DCCAC00B1952F /* Message+WCTTableCoding.h */,
				1A77FF55215DCCAC00B1952F /* Message.h */,
				1A77FF56215DCCAC00B1952F /* Message.mm */,
			);
			path = WCDB_demo;
			sourceTree = "<group>";
		};
		8B9E2413F3FD11D724ADDA9A /* Pods */ = {
			isa = PBXGroup;
			children = (
				DF646851414768322CB0573A /* Pods-WCDB_demo.debug.xcconfig */,
				65C71B59664076B51E9A8045 /* Pods-WCDB_demo.release.xcconfig */,
			);
			name = Pods;
			sourceTree = "<group>";
		};
		9104C35D624915280BE7916B /* Frameworks */ = {
			isa = PBXGroup;
			children = (
				062F01BC860073205B029E39 /* Pods_WCDB_demo.framework */,
			);
			name = Frameworks;
			sourceTree = "<group>";
		};
/* End PBXGroup section */

/* Begin PBXNativeTarget section */
		1A77FF38215DBFA900B1952F /* WCDB_demo */ = {
			isa = PBXNativeTarget;
			buildConfigurationList = 1A77FF4B215DBFB000B1952F /* Build configuration list for PBXNativeTarget "WCDB_demo" */;
			buildPhases = (
				FF31F7D5C38CC3D9CCD8038F /* [CP] Check Pods Manifest.lock */,
				1A77FF35215DBFA900B1952F /* Sources */,
				1A77FF36215DBFA900B1952F /* Frameworks */,
				1A77FF37215DBFA900B1952F /* Resources */,
				EFDA751BAEE70D30BBAAE466 /* [CP] Embed Pods Frameworks */,
			);
			buildRules = (
			);
			dependencies = (
			);
			name = WCDB_demo;
			productName = WCDB_demo;
			productReference = 1A77FF39215DBFA900B1952F /* WCDB_demo.app */;
			productType = "com.apple.product-type.application";
		};
/* End PBXNativeTarget section */

/* Begin PBXProject section */
		1A77FF31215DBFA900B1952F /* Project object */ = {
			isa = PBXProject;
			attributes = {
				LastSwiftUpdateCheck = 0940;
				LastUpgradeCheck = 0940;
				ORGANIZATIONNAME = jamesChen;
				TargetAttributes = {
					1A77FF38215DBFA900B1952F = {
						CreatedOnToolsVersion = 9.4.1;
						LastSwiftMigration = 0940;
					};
				};
			};
			buildConfigurationList = 1A77FF34215DBFA900B1952F /* Build configuration list for PBXProject "WCDB_demo" */;
			compatibilityVersion = "Xcode 9.3";
			developmentRegion = en;
			hasScannedForEncodings = 0;
			knownRegions = (
				en,
				Base,
			);
			mainGroup = 1A77FF30215DBFA900B1952F;
			productRefGroup = 1A77FF3A215DBFA900B1952F /* Products */;
			projectDirPath = "";
			projectRoot = "";
			targets = (
				1A77FF38215DBFA900B1952F /* WCDB_demo */,
			);
		};
/* End PBXProject section */

/* Begin PBXResourcesBuildPhase section */
		1A77FF37215DBFA900B1952F /* Resources */ = {
			isa = PBXResourcesBuildPhase;
			buildActionMask = 2147483647;
			files = (
				1A77FF47215DBFB000B1952F /* LaunchScreen.storyboard in Resources */,
				1A77FF44215DBFB000B1952F /* Assets.xcassets in Resources */,
				1A77FF42215DBFA900B1952F /* Main.storyboard in Resources */,
			);
			runOnlyForDeploymentPostprocessing = 0;
		};
/* End PBXResourcesBuildPhase section */

/* Begin PBXShellScriptBuildPhase section */
		EFDA751BAEE70D30BBAAE466 /* [CP] Embed Pods Frameworks */ = {
			isa = PBXShellScriptBuildPhase;
			buildActionMask = 2147483647;
			files = (
			);
			inputPaths = (
				"${SRCROOT}/Pods/Target Support Files/Pods-WCDB_demo/Pods-WCDB_demo-frameworks.sh",
				"${BUILT_PRODUCTS_DIR}/WCDB/WCDB.framework",
			);
			name = "[CP] Embed Pods Frameworks";
			outputPaths = (
				"${TARGET_BUILD_DIR}/${FRAMEWORKS_FOLDER_PATH}/WCDB.framework",
			);
			runOnlyForDeploymentPostprocessing = 0;
			shellPath = /bin/sh;
			shellScript = "\"${SRCROOT}/Pods/Target Support Files/Pods-WCDB_demo/Pods-WCDB_demo-frameworks.sh\"\n";
			showEnvVarsInLog = 0;
		};
		FF31F7D5C38CC3D9CCD8038F /* [CP] Check Pods Manifest.lock */ = {
			isa = PBXShellScriptBuildPhase;
			buildActionMask = 2147483647;
			files = (
			);
			inputPaths = (
				"${PODS_PODFILE_DIR_PATH}/Podfile.lock",
				"${PODS_ROOT}/Manifest.lock",
			);
			name = "[CP] Check Pods Manifest.lock";
			outputPaths = (
				"$(DERIVED_FILE_DIR)/Pods-WCDB_demo-checkManifestLockResult.txt",
			);
			runOnlyForDeploymentPostprocessing = 0;
			shellPath = /bin/sh;
			shellScript = "diff \"${PODS_PODFILE_DIR_PATH}/Podfile.lock\" \"${PODS_ROOT}/Manifest.lock\" > /dev/null\nif [ $? != 0 ] ; then\n    # print error to STDERR\n    echo \"error: The sandbox is not in sync with the Podfile.lock. Run 'pod install' or update your CocoaPods installation.\" >&2\n    exit 1\nfi\n# This output is used by Xcode 'outputs' to avoid re-running this script phase.\necho \"SUCCESS\" > \"${SCRIPT_OUTPUT_FILE_0}\"\n";
			showEnvVarsInLog = 0;
		};
/* End PBXShellScriptBuildPhase section */

/* Begin PBXSourcesBuildPhase section */
		1A77FF35215DBFA900B1952F /* Sources */ = {
			isa = PBXSourcesBuildPhase;
			buildActionMask = 2147483647;
			files = (
				1A77FF3F215DBFA900B1952F /* ViewController.swift in Sources */,
				1A77FF3D215DBFA900B1952F /* AppDelegate.swift in Sources */,
				1A77FF57215DCCAC00B1952F /* Message.mm in Sources */,
			);
			runOnlyForDeploymentPostprocessing = 0;
		};
/* End PBXSourcesBuildPhase section */

/* Begin PBXVariantGroup section */
		1A77FF40215DBFA900B1952F /* Main.storyboard */ = {
			isa = PBXVariantGroup;
			children = (
				1A77FF41215DBFA900B1952F /* Base */,
			);
			name = Main.storyboard;
			sourceTree = "<group>";
		};
		1A77FF45215DBFB000B1952F /* LaunchScreen.storyboard */ = {
			isa = PBXVariantGroup;
			children = (
				1A77FF46215DBFB000B1952F /* Base */,
			);
			name = LaunchScreen.storyboard;
			sourceTree = "<group>";
		};
/* End PBXVariantGroup section */

/* Begin XCBuildConfiguration section */
		1A77FF49215DBFB000B1952F /* Debug */ = {
			isa = XCBuildConfiguration;
			buildSettings = {
				ALWAYS_SEARCH_USER_PATHS = NO;
				CLANG_ANALYZER_NONNULL = YES;
				CLANG_ANALYZER_NUMBER_OBJECT_CONVERSION = YES_AGGRESSIVE;
				CLANG_CXX_LANGUAGE_STANDARD = "gnu++14";
				CLANG_CXX_LIBRARY = "libc++";
				CLANG_ENABLE_MODULES = YES;
				CLANG_ENABLE_OBJC_ARC = YES;
				CLANG_ENABLE_OBJC_WEAK = YES;
				CLANG_WARN_BLOCK_CAPTURE_AUTORELEASING = YES;
				CLANG_WARN_BOOL_CONVERSION = YES;
				CLANG_WARN_COMMA = YES;
				CLANG_WARN_CONSTANT_CONVERSION = YES;
				CLANG_WARN_DEPRECATED_OBJC_IMPLEMENTATIONS = YES;
				CLANG_WARN_DIRECT_OBJC_ISA_USAGE = YES_ERROR;
				CLANG_WARN_DOCUMENTATION_COMMENTS = YES;
				CLANG_WARN_EMPTY_BODY = YES;
				CLANG_WARN_ENUM_CONVERSION = YES;
				CLANG_WARN_INFINITE_RECURSION = YES;
				CLANG_WARN_INT_CONVERSION = YES;
				CLANG_WARN_NON_LITERAL_NULL_CONVERSION = YES;
				CLANG_WARN_OBJC_IMPLICIT_RETAIN_SELF = YES;
				CLANG_WARN_OBJC_LITERAL_CONVERSION = YES;
				CLANG_WARN_OBJC_ROOT_CLASS = YES_ERROR;
				CLANG_WARN_RANGE_LOOP_ANALYSIS = YES;
				CLANG_WARN_STRICT_PROTOTYPES = YES;
				CLANG_WARN_SUSPICIOUS_MOVE = YES;
				CLANG_WARN_UNGUARDED_AVAILABILITY = YES_AGGRESSIVE;
				CLANG_WARN_UNREACHABLE_CODE = YES;
				CLANG_WARN__DUPLICATE_METHOD_MATCH = YES;
				CODE_SIGN_IDENTITY = "iPhone Developer";
				COPY_PHASE_STRIP = NO;
				DEBUG_INFORMATION_FORMAT = dwarf;
				ENABLE_STRICT_OBJC_MSGSEND = YES;
				ENABLE_TESTABILITY = YES;
				GCC_C_LANGUAGE_STANDARD = gnu11;
				GCC_DYNAMIC_NO_PIC = NO;
				GCC_NO_COMMON_BLOCKS = YES;
				GCC_OPTIMIZATION_LEVEL = 0;
				GCC_PREPROCESSOR_DEFINITIONS = (
					"DEBUG=1",
					"$(inherited)",
				);
				GCC_WARN_64_TO_32_BIT_CONVERSION = YES;
				GCC_WARN_ABOUT_RETURN_TYPE = YES_ERROR;
				GCC_WARN_UNDECLARED_SELECTOR = YES;
				GCC_WARN_UNINITIALIZED_AUTOS = YES_AGGRESSIVE;
				GCC_WARN_UNUSED_FUNCTION = YES;
				GCC_WARN_UNUSED_VARIABLE = YES;
				IPHONEOS_DEPLOYMENT_TARGET = 11.4;
				MTL_ENABLE_DEBUG_INFO = YES;
				ONLY_ACTIVE_ARCH = YES;
				SDKROOT = iphoneos;
				SWIFT_ACTIVE_COMPILATION_CONDITIONS = DEBUG;
				SWIFT_OPTIMIZATION_LEVEL = "-Onone";
			};
			name = Debug;
		};
		1A77FF4A215DBFB000B1952F /* Release */ = {
			isa = XCBuildConfiguration;
			buildSettings = {
				ALWAYS_SEARCH_USER_PATHS = NO;
				CLANG_ANALYZER_NONNULL = YES;
				CLANG_ANALYZER_NUMBER_OBJECT_CONVERSION = YES_AGGRESSIVE;
				CLANG_CXX_LANGUAGE_STANDARD = "gnu++14";
				CLANG_CXX_LIBRARY = "libc++";
				CLANG_ENABLE_MODULES = YES;
				CLANG_ENABLE_OBJC_ARC = YES;
				CLANG_ENABLE_OBJC_WEAK = YES;
				CLANG_WARN_BLOCK_CAPTURE_AUTORELEASING = YES;
				CLANG_WARN_BOOL_CONVERSION = YES;
				CLANG_WARN_COMMA = YES;
				CLANG_WARN_CONSTANT_CONVERSION = YES;
				CLANG_WARN_DEPRECATED_OBJC_IMPLEMENTATIONS = YES;
				CLANG_WARN_DIRECT_OBJC_ISA_USAGE = YES_ERROR;
				CLANG_WARN_DOCUMENTATION_COMMENTS = YES;
				CLANG_WARN_EMPTY_BODY = YES;
				CLANG_WARN_ENUM_CONVERSION = YES;
				CLANG_WARN_INFINITE_RECURSION = YES;
				CLANG_WARN_INT_CONVERSION = YES;
				CLANG_WARN_NON_LITERAL_NULL_CONVERSION = YES;
				CLANG_WARN_OBJC_IMPLICIT_RETAIN_SELF = YES;
				CLANG_WARN_OBJC_LITERAL_CONVERSION = YES;
				CLANG_WARN_OBJC_ROOT_CLASS = YES_ERROR;
				CLANG_WARN_RANGE_LOOP_ANALYSIS = YES;
				CLANG_WARN_STRICT_PROTOTYPES = YES;
				CLANG_WARN_SUSPICIOUS_MOVE = YES;
				CLANG_WARN_UNGUARDED_AVAILABILITY = YES_AGGRESSIVE;
				CLANG_WARN_UNREACHABLE_CODE = YES;
				CLANG_WARN__DUPLICATE_METHOD_MATCH = YES;
				CODE_SIGN_IDENTITY = "iPhone Developer";
				COPY_PHASE_STRIP = NO;
				DEBUG_INFORMATION_FORMAT = "dwarf-with-dsym";
				ENABLE_NS_ASSERTIONS = NO;
				ENABLE_STRICT_OBJC_MSGSEND = YES;
				GCC_C_LANGUAGE_STANDARD = gnu11;
				GCC_NO_COMMON_BLOCKS = YES;
				GCC_WARN_64_TO_32_BIT_CONVERSION = YES;
				GCC_WARN_ABOUT_RETURN_TYPE = YES_ERROR;
				GCC_WARN_UNDECLARED_SELECTOR = YES;
				GCC_WARN_UNINITIALIZED_AUTOS = YES_AGGRESSIVE;
				GCC_WARN_UNUSED_FUNCTION = YES;
				GCC_WARN_UNUSED_VARIABLE = YES;
				IPHONEOS_DEPLOYMENT_TARGET = 11.4;
				MTL_ENABLE_DEBUG_INFO = NO;
				SDKROOT = iphoneos;
				SWIFT_COMPILATION_MODE = wholemodule;
				SWIFT_OPTIMIZATION_LEVEL = "-O";
				VALIDATE_PRODUCT = YES;
			};
			name = Release;
		};
		1A77FF4C215DBFB000B1952F /* Debug */ = {
			isa = XCBuildConfiguration;
			baseConfigurationReference = DF646851414768322CB0573A /* Pods-WCDB_demo.debug.xcconfig */;
			buildSettings = {
				ASSETCATALOG_COMPILER_APPICON_NAME = AppIcon;
				CLANG_ENABLE_MODULES = YES;
				CODE_SIGN_STYLE = Automatic;
				DEVELOPMENT_TEAM = MWYVSB3583;
				INFOPLIST_FILE = WCDB_demo/Info.plist;
				LD_RUNPATH_SEARCH_PATHS = (
					"$(inherited)",
					"@executable_path/Frameworks",
				);
				PRODUCT_BUNDLE_IDENTIFIER = "moho.WCDB-demo";
				PRODUCT_NAME = "$(TARGET_NAME)";
				SWIFT_OBJC_BRIDGING_HEADER = "WCDB_demo/WCDB_demo-Bridging-Header.h";
				SWIFT_OPTIMIZATION_LEVEL = "-Onone";
				SWIFT_VERSION = 4.0;
				TARGETED_DEVICE_FAMILY = "1,2";
			};
			name = Debug;
		};
		1A77FF4D215DBFB000B1952F /* Release */ = {
			isa = XCBuildConfiguration;
			baseConfigurationReference = 65C71B59664076B51E9A8045 /* Pods-WCDB_demo.release.xcconfig */;
			buildSettings = {
				ASSETCATALOG_COMPILER_APPICON_NAME = AppIcon;
				CLANG_ENABLE_MODULES = YES;
				CODE_SIGN_STYLE = Automatic;
				DEVELOPMENT_TEAM = MWYVSB3583;
				INFOPLIST_FILE = WCDB_demo/Info.plist;
				LD_RUNPATH_SEARCH_PATHS = (
					"$(inherited)",
					"@executable_path/Frameworks",
				);
				PRODUCT_BUNDLE_IDENTIFIER = "moho.WCDB-demo";
				PRODUCT_NAME = "$(TARGET_NAME)";
				SWIFT_OBJC_BRIDGING_HEADER = "WCDB_demo/WCDB_demo-Bridging-Header.h";
				SWIFT_VERSION = 4.0;
				TARGETED_DEVICE_FAMILY = "1,2";
			};
			name = Release;
		};
/* End XCBuildConfiguration section */

/* Begin XCConfigurationList section */
		1A77FF34215DBFA900B1952F /* Build configuration list for PBXProject "WCDB_demo" */ = {
			isa = XCConfigurationList;
			buildConfigurations = (
				1A77FF49215DBFB000B1952F /* Debug */,
				1A77FF4A215DBFB000B1952F /* Release */,
			);
			defaultConfigurationIsVisible = 0;
			defaultConfigurationName = Release;
		};
		1A77FF4B215DBFB000B1952F /* Build configuration list for PBXNativeTarget "WCDB_demo" */ = {
			isa = XCConfigurationList;
			buildConfigurations = (
				1A77FF4C215DBFB000B1952F /* Debug */,
				1A77FF4D215DBFB000B1952F /* Release */,
			);
			defaultConfigurationIsVisible = 0;
			defaultConfigurationName = Release;
		};
/* End XCConfigurationList section */
	};
	rootObject = 1A77FF31215DBFA900B1952F /* Project object */;
}
